
Microsoft Visual Studio Solution File, Format Version 12.00
# Visual Studio 15
VisualStudioVersion = 15.0.28307.572
MinimumVisualStudioVersion = 10.0.40219.1
Project("{FAE04EC0-301F-11D3-BF4B-00C04F79EFBC}") = "WebApiServer", "WebApiServer\WebApiServer.csproj", "{795331D4-2FA4-4B88-86D2-3E7ADE60FF33}"
EndProject
Global
	GlobalSection(SolutionConfigurationPlatforms) = preSolution
		Debug|Any CPU = Debug|Any CPU
		Release|Any CPU = Release|Any CPU
	EndGlobalSection
	GlobalSection(ProjectConfigurationPlatforms) = postSolution
		{795331D4-2FA4-4B88-86D2-3E7ADE60FF33}.Debug|Any CPU.ActiveCfg = Debug|Any CPU
		{795331D4-2FA4-4B88-86D2-3E7ADE60FF33}.Debug|Any CPU.Build.0 = Debug|Any CPU
		{795331D4-2FA4-4B88-86D2-3E7ADE60FF33}.Release|Any CPU.ActiveCfg = Release|Any CPU
		{795331D4-2FA4-4B88-86D2-3E7ADE60FF33}.Release|Any CPU.Build.0 = Release|Any CPU
	EndGlobalSection
	GlobalSection(SolutionProperties) = preSolution
		HideSolutionNode = FALSE
	EndGlobalSection
	GlobalSection(ExtensibilityGlobals) = postSolution
		SolutionGuid = {8045E0F5-E52E-4B4D-BCE5-14A26B600DD7}
	EndGlobalSection
EndGlobal
